
Microsoft Visual Studio Solution File, Format Version 12.00
# Visual Studio Version 16
VisualStudioVersion = 16.0.31005.135
MinimumVisualStudioVersion = 10.0.40219.1
Project("{FAE04EC0-301F-11D3-BF4B-00C04F79EFBC}") = "VamosLaOnibus", "VamosLaOnibus\VamosLaOnibus.csproj", "{365AB34C-0CC1-485A-843E-A24031F99CDF}"
EndProject
Global
	GlobalSection(SolutionConfigurationPlatforms) = preSolution
		Debug|Any CPU = Debug|Any CPU
		Release|Any CPU = Release|Any CPU
	EndGlobalSection
	GlobalSection(ProjectConfigurationPlatforms) = postSolution
		{365AB34C-0CC1-485A-843E-A24031F99CDF}.Debug|Any CPU.ActiveCfg = Debug|Any CPU
		{365AB34C-0CC1-485A-843E-A24031F99CDF}.Debug|Any CPU.Build.0 = Debug|Any CPU
		{365AB34C-0CC1-485A-843E-A24031F99CDF}.Release|Any CPU.ActiveCfg = Release|Any CPU
		{365AB34C-0CC1-485A-843E-A24031F99CDF}.Release|Any CPU.Build.0 = Release|Any CPU
	EndGlobalSection
	GlobalSection(SolutionProperties) = preSolution
		HideSolutionNode = FALSE
	EndGlobalSection
	GlobalSection(ExtensibilityGlobals) = postSolution
		SolutionGuid = {5323C106-B366-4ED5-A13B-FD8B96DAE932}
	EndGlobalSection
EndGlobal
